
Microsoft Visual Studio Solution File, Format Version 12.00
# Visual Studio Version 17
VisualStudioVersion = 17.3.32929.385
MinimumVisualStudioVersion = 10.0.40219.1
Project("{FAE04EC0-301F-11D3-BF4B-00C04F79EFBC}") = "HotelListing.API", "HotelListing.API\HotelListing.API.csproj", "{4324DF5D-8EEE-4712-B6A8-537AB1F70A59}"
EndProject
Global
	GlobalSection(SolutionConfigurationPlatforms) = preSolution
		Debug|Any CPU = Debug|Any CPU
		Release|Any CPU = Release|Any CPU
	EndGlobalSection
	GlobalSection(ProjectConfigurationPlatforms) = postSolution
		{4324DF5D-8EEE-4712-B6A8-537AB1F70A59}.Debug|Any CPU.ActiveCfg = Debug|Any CPU
		{4324DF5D-8EEE-4712-B6A8-537AB1F70A59}.Debug|Any CPU.Build.0 = Debug|Any CPU
		{4324DF5D-8EEE-4712-B6A8-537AB1F70A59}.Release|Any CPU.ActiveCfg = Release|Any CPU
		{4324DF5D-8EEE-4712-B6A8-537AB1F70A59}.Release|Any CPU.Build.0 = Release|Any CPU
	EndGlobalSection
	GlobalSection(SolutionProperties) = preSolution
		HideSolutionNode = FALSE
	EndGlobalSection
	GlobalSection(ExtensibilityGlobals) = postSolution
		SolutionGuid = {F69A5BD3-6936-4CDC-96D6-9F4EF0A09E2B}
	EndGlobalSection
EndGlobal
